// !$*UTF8*$!
{
	archiveVersion = 1;
	classes = {
	};
	objectVersion = 56;
	objects = {

/* Begin PBXBuildFile section */
		4209AD5C2C160795004266F9 /* DetailViewModel.swift in Sources */ = {isa = PBXBuildFile; fileRef = 4209AD5B2C160795004266F9 /* DetailViewModel.swift */; };
		4209AD5E2C161592004266F9 /* SeriesRepository.swift in Sources */ = {isa = PBXBuildFile; fileRef = 4209AD5D2C161592004266F9 /* SeriesRepository.swift */; };
		4209AD602C16165C004266F9 /* SeriesRepositoryProtocol.swift in Sources */ = {isa = PBXBuildFile; fileRef = 4209AD5F2C16165C004266F9 /* SeriesRepositoryProtocol.swift */; };
		4209AD652C16BA56004266F9 /* SeriesUseCase.swift in Sources */ = {isa = PBXBuildFile; fileRef = 4209AD642C16BA56004266F9 /* SeriesUseCase.swift */; };
		421164742C10DAAC00A87660 /* SubViews.swift in Sources */ = {isa = PBXBuildFile; fileRef = 421164732C10DAAC00A87660 /* SubViews.swift */; };
		421D0BC32C10E10700A95C94 /* Localizable.strings in Resources */ = {isa = PBXBuildFile; fileRef = 421D0BC12C10E10700A95C94 /* Localizable.strings */; };
		421D0BCA2C10F9D600A95C94 /* HerosRowView.swift in Sources */ = {isa = PBXBuildFile; fileRef = 421D0BC92C10F9D600A95C94 /* HerosRowView.swift */; };
		421FC1EF2BEDF4B400A3BC7C /* HerosRepository.swift in Sources */ = {isa = PBXBuildFile; fileRef = 421FC1EE2BEDF4B400A3BC7C /* HerosRepository.swift */; };
		421FC1F12BEDF5A600A3BC7C /* HerosRepositoryProtocol.swift in Sources */ = {isa = PBXBuildFile; fileRef = 421FC1F02BEDF5A600A3BC7C /* HerosRepositoryProtocol.swift */; };
		421FC1F32BEDF6A800A3BC7C /* HerosUseCase.swift in Sources */ = {isa = PBXBuildFile; fileRef = 421FC1F22BEDF6A800A3BC7C /* HerosUseCase.swift */; };
		421FC1F52BEE192B00A3BC7C /* RootView.swift in Sources */ = {isa = PBXBuildFile; fileRef = 421FC1F42BEE192B00A3BC7C /* RootView.swift */; };
		424771502BE1620B00E19380 /* Launch Screen.storyboard in Resources */ = {isa = PBXBuildFile; fileRef = 4247714F2BE1620B00E19380 /* Launch Screen.storyboard */; };
		4248856D2BE58BA00099FA9E /* ErrorView.swift in Sources */ = {isa = PBXBuildFile; fileRef = 4248856C2BE58BA00099FA9E /* ErrorView.swift */; };
		4248856F2BE58BB50099FA9E /* DetailView.swift in Sources */ = {isa = PBXBuildFile; fileRef = 4248856E2BE58BB50099FA9E /* DetailView.swift */; };
		42548FF32BE0321900708F15 /* Marvel_KCApp.swift in Sources */ = {isa = PBXBuildFile; fileRef = 42548FF22BE0321900708F15 /* Marvel_KCApp.swift */; };
		42548FF72BE0321C00708F15 /* Assets.xcassets in Resources */ = {isa = PBXBuildFile; fileRef = 42548FF62BE0321C00708F15 /* Assets.xcassets */; };
		42548FFB2BE0321C00708F15 /* Preview Assets.xcassets in Resources */ = {isa = PBXBuildFile; fileRef = 42548FFA2BE0321C00708F15 /* Preview Assets.xcassets */; };
		425490052BE0321C00708F15 /* Marvel_KCTests.swift in Sources */ = {isa = PBXBuildFile; fileRef = 425490042BE0321C00708F15 /* Marvel_KCTests.swift */; };
		4254902C2BE0338F00708F15 /* HerosListView.swift in Sources */ = {isa = PBXBuildFile; fileRef = 4254902B2BE0338F00708F15 /* HerosListView.swift */; };
		42702E2B2C0C439700132539 /* LoadingView.swift in Sources */ = {isa = PBXBuildFile; fileRef = 42702E2A2C0C439700132539 /* LoadingView.swift */; };
		42702E352C0C5A4400132539 /* Status.swift in Sources */ = {isa = PBXBuildFile; fileRef = 42702E342C0C5A4400132539 /* Status.swift */; };
		42702E372C0C5B7300132539 /* HerosViewModel.swift in Sources */ = {isa = PBXBuildFile; fileRef = 42702E362C0C5B7300132539 /* HerosViewModel.swift */; };
		42A03FD52C195EB7000DA656 /* SeriesRowView.swift in Sources */ = {isa = PBXBuildFile; fileRef = 42A03FD42C195EB7000DA656 /* SeriesRowView.swift */; };
		42A7A3F92C25E791005B2BCE /* MarvelAppLibrary in Frameworks */ = {isa = PBXBuildFile; productRef = 42A7A3F82C25E791005B2BCE /* MarvelAppLibrary */; };
		42A7A4BB2C25F57A005B2BCE /* SeriesRepositoryTest.swift in Sources */ = {isa = PBXBuildFile; fileRef = 42A7A4BA2C25F57A005B2BCE /* SeriesRepositoryTest.swift */; };
		42A7A4BD2C25F5B9005B2BCE /* HerosRepositoryTest.swift in Sources */ = {isa = PBXBuildFile; fileRef = 42A7A4BC2C25F5B9005B2BCE /* HerosRepositoryTest.swift */; };
		42A7A4C22C25F613005B2BCE /* SeriesUseCaseTest.swift in Sources */ = {isa = PBXBuildFile; fileRef = 42A7A4C12C25F613005B2BCE /* SeriesUseCaseTest.swift */; };
		42A7A4C42C25F648005B2BCE /* HerosUseCaseTest.swift in Sources */ = {isa = PBXBuildFile; fileRef = 42A7A4C32C25F648005B2BCE /* HerosUseCaseTest.swift */; };
		42A7A4C62C25F674005B2BCE /* StatusTest.swift in Sources */ = {isa = PBXBuildFile; fileRef = 42A7A4C52C25F674005B2BCE /* StatusTest.swift */; };
		42A7A4CE2C25F77F005B2BCE /* TestSubViews.swift in Sources */ = {isa = PBXBuildFile; fileRef = 42A7A4CD2C25F77F005B2BCE /* TestSubViews.swift */; };
		42A7A4D02C25F78A005B2BCE /* TestLoadingView.swift in Sources */ = {isa = PBXBuildFile; fileRef = 42A7A4CF2C25F78A005B2BCE /* TestLoadingView.swift */; };
		42A7A4D22C25F7AC005B2BCE /* TestErrorView.swift in Sources */ = {isa = PBXBuildFile; fileRef = 42A7A4D12C25F7AB005B2BCE /* TestErrorView.swift */; };
		42A7A4D52C25F7DF005B2BCE /* TestHerosRowView.swift in Sources */ = {isa = PBXBuildFile; fileRef = 42A7A4D42C25F7DF005B2BCE /* TestHerosRowView.swift */; };
		42A7A4D72C25F7ED005B2BCE /* TestHerosListView.swift in Sources */ = {isa = PBXBuildFile; fileRef = 42A7A4D62C25F7ED005B2BCE /* TestHerosListView.swift */; };
		42A7A4D92C25F7FE005B2BCE /* TestHerosViewModel.swift in Sources */ = {isa = PBXBuildFile; fileRef = 42A7A4D82C25F7FE005B2BCE /* TestHerosViewModel.swift */; };
		42A7A4DC2C25F82E005B2BCE /* TestSeriesRowView.swift in Sources */ = {isa = PBXBuildFile; fileRef = 42A7A4DB2C25F82E005B2BCE /* TestSeriesRowView.swift */; };
		42A7A4DE2C25F840005B2BCE /* TestDetailViewModel.swift in Sources */ = {isa = PBXBuildFile; fileRef = 42A7A4DD2C25F840005B2BCE /* TestDetailViewModel.swift */; };
		42A7A4E02C25F851005B2BCE /* TestDetailView.swift in Sources */ = {isa = PBXBuildFile; fileRef = 42A7A4DF2C25F851005B2BCE /* TestDetailView.swift */; };
		42A7A4E22C25F87A005B2BCE /* TestRootView.swift in Sources */ = {isa = PBXBuildFile; fileRef = 42A7A4E12C25F87A005B2BCE /* TestRootView.swift */; };
		42A7A4EC2C2699D4005B2BCE /* ViewInspector in Frameworks */ = {isa = PBXBuildFile; productRef = 42A7A4EB2C2699D4005B2BCE /* ViewInspector */; };
		42A7A5262C280DD1005B2BCE /* watchOSApp.swift in Sources */ = {isa = PBXBuildFile; fileRef = 42A7A5252C280DD1005B2BCE /* watchOSApp.swift */; };
		42A7A52A2C280DD4005B2BCE /* Assets.xcassets in Resources */ = {isa = PBXBuildFile; fileRef = 42A7A5292C280DD4005B2BCE /* Assets.xcassets */; };
		42A7A52D2C280DD4005B2BCE /* Preview Assets.xcassets in Resources */ = {isa = PBXBuildFile; fileRef = 42A7A52C2C280DD4005B2BCE /* Preview Assets.xcassets */; };
		42A7A5302C280DD4005B2BCE /* watchOS Watch App.app in Embed Watch Content */ = {isa = PBXBuildFile; fileRef = 42A7A5232C280DD1005B2BCE /* watchOS Watch App.app */; settings = {ATTRIBUTES = (RemoveHeadersOnCopy, ); }; };
		42A7A5342C280E71005B2BCE /* RootView.swift in Sources */ = {isa = PBXBuildFile; fileRef = 421FC1F42BEE192B00A3BC7C /* RootView.swift */; };
		42A7A5352C280E77005B2BCE /* HerosRowView.swift in Sources */ = {isa = PBXBuildFile; fileRef = 421D0BC92C10F9D600A95C94 /* HerosRowView.swift */; };
		42A7A5362C280E7A005B2BCE /* HerosListView.swift in Sources */ = {isa = PBXBuildFile; fileRef = 4254902B2BE0338F00708F15 /* HerosListView.swift */; };
		42A7A5372C280E7C005B2BCE /* HerosViewModel.swift in Sources */ = {isa = PBXBuildFile; fileRef = 42702E362C0C5B7300132539 /* HerosViewModel.swift */; };
		42A7A5382C280E80005B2BCE /* SeriesRowView.swift in Sources */ = {isa = PBXBuildFile; fileRef = 42A03FD42C195EB7000DA656 /* SeriesRowView.swift */; };
		42A7A5392C280E83005B2BCE /* DetailView.swift in Sources */ = {isa = PBXBuildFile; fileRef = 4248856E2BE58BB50099FA9E /* DetailView.swift */; };
		42A7A53A2C280E85005B2BCE /* DetailViewModel.swift in Sources */ = {isa = PBXBuildFile; fileRef = 4209AD5B2C160795004266F9 /* DetailViewModel.swift */; };
		42A7A53B2C280E88005B2BCE /* ErrorView.swift in Sources */ = {isa = PBXBuildFile; fileRef = 4248856C2BE58BA00099FA9E /* ErrorView.swift */; };
		42A7A53C2C280E8A005B2BCE /* LoadingView.swift in Sources */ = {isa = PBXBuildFile; fileRef = 42702E2A2C0C439700132539 /* LoadingView.swift */; };
		42A7A53D2C280E8D005B2BCE /* SubViews.swift in Sources */ = {isa = PBXBuildFile; fileRef = 421164732C10DAAC00A87660 /* SubViews.swift */; };
		42A7A53E2C280E93005B2BCE /* Status.swift in Sources */ = {isa = PBXBuildFile; fileRef = 42702E342C0C5A4400132539 /* Status.swift */; };
		42A7A53F2C280E95005B2BCE /* HerosUseCase.swift in Sources */ = {isa = PBXBuildFile; fileRef = 421FC1F22BEDF6A800A3BC7C /* HerosUseCase.swift */; };
		42A7A5402C280E97005B2BCE /* SeriesUseCase.swift in Sources */ = {isa = PBXBuildFile; fileRef = 4209AD642C16BA56004266F9 /* SeriesUseCase.swift */; };
		42A7A5412C280E9A005B2BCE /* HerosRepositoryProtocol.swift in Sources */ = {isa = PBXBuildFile; fileRef = 421FC1F02BEDF5A600A3BC7C /* HerosRepositoryProtocol.swift */; };
		42A7A5422C280E9C005B2BCE /* SeriesRepositoryProtocol.swift in Sources */ = {isa = PBXBuildFile; fileRef = 4209AD5F2C16165C004266F9 /* SeriesRepositoryProtocol.swift */; };
		42A7A5432C280EA3005B2BCE /* HerosRepository.swift in Sources */ = {isa = PBXBuildFile; fileRef = 421FC1EE2BEDF4B400A3BC7C /* HerosRepository.swift */; };
		42A7A5442C280EA5005B2BCE /* SeriesRepository.swift in Sources */ = {isa = PBXBuildFile; fileRef = 4209AD5D2C161592004266F9 /* SeriesRepository.swift */; };
		42A7A5452C280EB3005B2BCE /* Marvel_KCApp.swift in Sources */ = {isa = PBXBuildFile; fileRef = 42548FF22BE0321900708F15 /* Marvel_KCApp.swift */; };
		42A7A5472C280F53005B2BCE /* MarvelAppLibrary in Frameworks */ = {isa = PBXBuildFile; productRef = 42A7A5462C280F53005B2BCE /* MarvelAppLibrary */; };
/* End PBXBuildFile section */

/* Begin PBXContainerItemProxy section */
		425490012BE0321C00708F15 /* PBXContainerItemProxy */ = {
			isa = PBXContainerItemProxy;
			containerPortal = 42548FE72BE0321900708F15 /* Project object */;
			proxyType = 1;
			remoteGlobalIDString = 42548FEE2BE0321900708F15;
			remoteInfo = Marvel_KC;
		};
		42A7A52E2C280DD4005B2BCE /* PBXContainerItemProxy */ = {
			isa = PBXContainerItemProxy;
			containerPortal = 42548FE72BE0321900708F15 /* Project object */;
			proxyType = 1;
			remoteGlobalIDString = 42A7A5222C280DD1005B2BCE;
			remoteInfo = "watchOS Watch App";
		};
/* End PBXContainerItemProxy section */

/* Begin PBXCopyFilesBuildPhase section */
		42A7A5152C280D88005B2BCE /* Embed Watch Content */ = {
			isa = PBXCopyFilesBuildPhase;
			buildActionMask = 2147483647;
			dstPath = "$(CONTENTS_FOLDER_PATH)/Watch";
			dstSubfolderSpec = 16;
			files = (
				42A7A5302C280DD4005B2BCE /* watchOS Watch App.app in Embed Watch Content */,
			);
			name = "Embed Watch Content";
			runOnlyForDeploymentPostprocessing = 0;
		};
/* End PBXCopyFilesBuildPhase section */

/* Begin PBXFileReference section */
		4209AD5B2C160795004266F9 /* DetailViewModel.swift */ = {isa = PBXFileReference; lastKnownFileType = sourcecode.swift; path = DetailViewModel.swift; sourceTree = "<group>"; };
		4209AD5D2C161592004266F9 /* SeriesRepository.swift */ = {isa = PBXFileReference; lastKnownFileType = sourcecode.swift; path = SeriesRepository.swift; sourceTree = "<group>"; };
		4209AD5F2C16165C004266F9 /* SeriesRepositoryProtocol.swift */ = {isa = PBXFileReference; lastKnownFileType = sourcecode.swift; path = SeriesRepositoryProtocol.swift; sourceTree = "<group>"; };
		4209AD642C16BA56004266F9 /* SeriesUseCase.swift */ = {isa = PBXFileReference; lastKnownFileType = sourcecode.swift; path = SeriesUseCase.swift; sourceTree = "<group>"; };
		421164732C10DAAC00A87660 /* SubViews.swift */ = {isa = PBXFileReference; lastKnownFileType = sourcecode.swift; path = SubViews.swift; sourceTree = "<group>"; };
		421D0BC22C10E10700A95C94 /* en */ = {isa = PBXFileReference; lastKnownFileType = text.plist.strings; name = en; path = en.lproj/Localizable.strings; sourceTree = "<group>"; };
		421D0BC42C10E12600A95C94 /* es */ = {isa = PBXFileReference; lastKnownFileType = text.plist.strings; name = es; path = es.lproj/Localizable.strings; sourceTree = "<group>"; };
		421D0BC92C10F9D600A95C94 /* HerosRowView.swift */ = {isa = PBXFileReference; lastKnownFileType = sourcecode.swift; path = HerosRowView.swift; sourceTree = "<group>"; };
		421D0BCF2C117DEB00A95C94 /* Marvel-KC-Info.plist */ = {isa = PBXFileReference; lastKnownFileType = text.plist; path = "Marvel-KC-Info.plist"; sourceTree = SOURCE_ROOT; };
		421FC1EE2BEDF4B400A3BC7C /* HerosRepository.swift */ = {isa = PBXFileReference; lastKnownFileType = sourcecode.swift; path = HerosRepository.swift; sourceTree = "<group>"; };
		421FC1F02BEDF5A600A3BC7C /* HerosRepositoryProtocol.swift */ = {isa = PBXFileReference; lastKnownFileType = sourcecode.swift; path = HerosRepositoryProtocol.swift; sourceTree = "<group>"; };
		421FC1F22BEDF6A800A3BC7C /* HerosUseCase.swift */ = {isa = PBXFileReference; lastKnownFileType = sourcecode.swift; path = HerosUseCase.swift; sourceTree = "<group>"; };
		421FC1F42BEE192B00A3BC7C /* RootView.swift */ = {isa = PBXFileReference; lastKnownFileType = sourcecode.swift; path = RootView.swift; sourceTree = "<group>"; };
		4247714F2BE1620B00E19380 /* Launch Screen.storyboard */ = {isa = PBXFileReference; lastKnownFileType = file.storyboard; path = "Launch Screen.storyboard"; sourceTree = "<group>"; };
		4248856C2BE58BA00099FA9E /* ErrorView.swift */ = {isa = PBXFileReference; lastKnownFileType = sourcecode.swift; path = ErrorView.swift; sourceTree = "<group>"; };
		4248856E2BE58BB50099FA9E /* DetailView.swift */ = {isa = PBXFileReference; lastKnownFileType = sourcecode.swift; path = DetailView.swift; sourceTree = "<group>"; };
		42548FEF2BE0321900708F15 /* Marvel_KC.app */ = {isa = PBXFileReference; explicitFileType = wrapper.application; includeInIndex = 0; path = Marvel_KC.app; sourceTree = BUILT_PRODUCTS_DIR; };
		42548FF22BE0321900708F15 /* Marvel_KCApp.swift */ = {isa = PBXFileReference; lastKnownFileType = sourcecode.swift; path = Marvel_KCApp.swift; sourceTree = "<group>"; };
		42548FF62BE0321C00708F15 /* Assets.xcassets */ = {isa = PBXFileReference; lastKnownFileType = folder.assetcatalog; path = Assets.xcassets; sourceTree = "<group>"; };
		42548FF82BE0321C00708F15 /* Marvel_KC.entitlements */ = {isa = PBXFileReference; lastKnownFileType = text.plist.entitlements; path = Marvel_KC.entitlements; sourceTree = "<group>"; };
		42548FFA2BE0321C00708F15 /* Preview Assets.xcassets */ = {isa = PBXFileReference; lastKnownFileType = folder.assetcatalog; path = "Preview Assets.xcassets"; sourceTree = "<group>"; };
		425490002BE0321C00708F15 /* Marvel_KCTests.xctest */ = {isa = PBXFileReference; explicitFileType = wrapper.cfbundle; includeInIndex = 0; path = Marvel_KCTests.xctest; sourceTree = BUILT_PRODUCTS_DIR; };
		425490042BE0321C00708F15 /* Marvel_KCTests.swift */ = {isa = PBXFileReference; lastKnownFileType = sourcecode.swift; path = Marvel_KCTests.swift; sourceTree = "<group>"; };
		4254902B2BE0338F00708F15 /* HerosListView.swift */ = {isa = PBXFileReference; lastKnownFileType = sourcecode.swift; path = HerosListView.swift; sourceTree = "<group>"; };
		42702E2A2C0C439700132539 /* LoadingView.swift */ = {isa = PBXFileReference; lastKnownFileType = sourcecode.swift; path = LoadingView.swift; sourceTree = "<group>"; };
		42702E342C0C5A4400132539 /* Status.swift */ = {isa = PBXFileReference; lastKnownFileType = sourcecode.swift; path = Status.swift; sourceTree = "<group>"; };
		42702E362C0C5B7300132539 /* HerosViewModel.swift */ = {isa = PBXFileReference; lastKnownFileType = sourcecode.swift; path = HerosViewModel.swift; sourceTree = "<group>"; };
		42A03FD42C195EB7000DA656 /* SeriesRowView.swift */ = {isa = PBXFileReference; lastKnownFileType = sourcecode.swift; path = SeriesRowView.swift; sourceTree = "<group>"; };
		42A7A4BA2C25F57A005B2BCE /* SeriesRepositoryTest.swift */ = {isa = PBXFileReference; lastKnownFileType = sourcecode.swift; path = SeriesRepositoryTest.swift; sourceTree = "<group>"; };
		42A7A4BC2C25F5B9005B2BCE /* HerosRepositoryTest.swift */ = {isa = PBXFileReference; lastKnownFileType = sourcecode.swift; path = HerosRepositoryTest.swift; sourceTree = "<group>"; };
		42A7A4C12C25F613005B2BCE /* SeriesUseCaseTest.swift */ = {isa = PBXFileReference; lastKnownFileType = sourcecode.swift; path = SeriesUseCaseTest.swift; sourceTree = "<group>"; };
		42A7A4C32C25F648005B2BCE /* HerosUseCaseTest.swift */ = {isa = PBXFileReference; lastKnownFileType = sourcecode.swift; path = HerosUseCaseTest.swift; sourceTree = "<group>"; };
		42A7A4C52C25F674005B2BCE /* StatusTest.swift */ = {isa = PBXFileReference; lastKnownFileType = sourcecode.swift; path = StatusTest.swift; sourceTree = "<group>"; };
		42A7A4CD2C25F77F005B2BCE /* TestSubViews.swift */ = {isa = PBXFileReference; lastKnownFileType = sourcecode.swift; path = TestSubViews.swift; sourceTree = "<group>"; };
		42A7A4CF2C25F78A005B2BCE /* TestLoadingView.swift */ = {isa = PBXFileReference; lastKnownFileType = sourcecode.swift; path = TestLoadingView.swift; sourceTree = "<group>"; };
		42A7A4D12C25F7AB005B2BCE /* TestErrorView.swift */ = {isa = PBXFileReference; lastKnownFileType = sourcecode.swift; path = TestErrorView.swift; sourceTree = "<group>"; };
		42A7A4D42C25F7DF005B2BCE /* TestHerosRowView.swift */ = {isa = PBXFileReference; lastKnownFileType = sourcecode.swift; path = TestHerosRowView.swift; sourceTree = "<group>"; };
		42A7A4D62C25F7ED005B2BCE /* TestHerosListView.swift */ = {isa = PBXFileReference; lastKnownFileType = sourcecode.swift; path = TestHerosListView.swift; sourceTree = "<group>"; };
		42A7A4D82C25F7FE005B2BCE /* TestHerosViewModel.swift */ = {isa = PBXFileReference; lastKnownFileType = sourcecode.swift; path = TestHerosViewModel.swift; sourceTree = "<group>"; };
		42A7A4DB2C25F82E005B2BCE /* TestSeriesRowView.swift */ = {isa = PBXFileReference; lastKnownFileType = sourcecode.swift; path = TestSeriesRowView.swift; sourceTree = "<group>"; };
		42A7A4DD2C25F840005B2BCE /* TestDetailViewModel.swift */ = {isa = PBXFileReference; lastKnownFileType = sourcecode.swift; path = TestDetailViewModel.swift; sourceTree = "<group>"; };
		42A7A4DF2C25F851005B2BCE /* TestDetailView.swift */ = {isa = PBXFileReference; lastKnownFileType = sourcecode.swift; path = TestDetailView.swift; sourceTree = "<group>"; };
		42A7A4E12C25F87A005B2BCE /* TestRootView.swift */ = {isa = PBXFileReference; lastKnownFileType = sourcecode.swift; path = TestRootView.swift; sourceTree = "<group>"; };
		42A7A5232C280DD1005B2BCE /* watchOS Watch App.app */ = {isa = PBXFileReference; explicitFileType = wrapper.application; includeInIndex = 0; path = "watchOS Watch App.app"; sourceTree = BUILT_PRODUCTS_DIR; };
		42A7A5252C280DD1005B2BCE /* watchOSApp.swift */ = {isa = PBXFileReference; lastKnownFileType = sourcecode.swift; path = watchOSApp.swift; sourceTree = "<group>"; };
		42A7A5292C280DD4005B2BCE /* Assets.xcassets */ = {isa = PBXFileReference; lastKnownFileType = folder.assetcatalog; path = Assets.xcassets; sourceTree = "<group>"; };
		42A7A52C2C280DD4005B2BCE /* Preview Assets.xcassets */ = {isa = PBXFileReference; lastKnownFileType = folder.assetcatalog; path = "Preview Assets.xcassets"; sourceTree = "<group>"; };
		42A7A5482C281780005B2BCE /* watchOS-Watch-App-Info.plist */ = {isa = PBXFileReference; lastKnownFileType = text.plist; path = "watchOS-Watch-App-Info.plist"; sourceTree = SOURCE_ROOT; };
/* End PBXFileReference section */

/* Begin PBXFrameworksBuildPhase section */
		42548FEC2BE0321900708F15 /* Frameworks */ = {
			isa = PBXFrameworksBuildPhase;
			buildActionMask = 2147483647;
			files = (
				42A7A3F92C25E791005B2BCE /* MarvelAppLibrary in Frameworks */,
			);
			runOnlyForDeploymentPostprocessing = 0;
		};
		42548FFD2BE0321C00708F15 /* Frameworks */ = {
			isa = PBXFrameworksBuildPhase;
			buildActionMask = 2147483647;
			files = (
				42A7A4EC2C2699D4005B2BCE /* ViewInspector in Frameworks */,
			);
			runOnlyForDeploymentPostprocessing = 0;
		};
		42A7A5202C280DD1005B2BCE /* Frameworks */ = {
			isa = PBXFrameworksBuildPhase;
			buildActionMask = 2147483647;
			files = (
				42A7A5472C280F53005B2BCE /* MarvelAppLibrary in Frameworks */,
			);
			runOnlyForDeploymentPostprocessing = 0;
		};
/* End PBXFrameworksBuildPhase section */

/* Begin PBXGroup section */
		421D0BC82C10F9AE00A95C94 /* HerosRow */ = {
			isa = PBXGroup;
			children = (
				421D0BC92C10F9D600A95C94 /* HerosRowView.swift */,
			);
			path = HerosRow;
			sourceTree = "<group>";
		};
		42548FE62BE0321900708F15 = {
			isa = PBXGroup;
			children = (
				42548FF12BE0321900708F15 /* Marvel_KC */,
				425490032BE0321C00708F15 /* Marvel_KCTests */,
				42A7A5242C280DD1005B2BCE /* watchOS Watch App */,
				42548FF02BE0321900708F15 /* Products */,
				429DB1DD2C0F32AD00364B7E /* Frameworks */,
			);
			sourceTree = "<group>";
		};
		42548FF02BE0321900708F15 /* Products */ = {
			isa = PBXGroup;
			children = (
				42548FEF2BE0321900708F15 /* Marvel_KC.app */,
				425490002BE0321C00708F15 /* Marvel_KCTests.xctest */,
				42A7A5232C280DD1005B2BCE /* watchOS Watch App.app */,
			);
			name = Products;
			sourceTree = "<group>";
		};
		42548FF12BE0321900708F15 /* Marvel_KC */ = {
			isa = PBXGroup;
			children = (
				421D0BCF2C117DEB00A95C94 /* Marvel-KC-Info.plist */,
				425490282BE032C800708F15 /* Presentations */,
				425490222BE0328800708F15 /* Domain */,
				4254901E2BE0326800708F15 /* Data */,
				4254901D2BE0325D00708F15 /* Resources */,
				42548FF22BE0321900708F15 /* Marvel_KCApp.swift */,
				42548FF82BE0321C00708F15 /* Marvel_KC.entitlements */,
				42548FF92BE0321C00708F15 /* Preview Content */,
			);
			path = Marvel_KC;
			sourceTree = "<group>";
		};
		42548FF92BE0321C00708F15 /* Preview Content */ = {
			isa = PBXGroup;
			children = (
				42548FFA2BE0321C00708F15 /* Preview Assets.xcassets */,
			);
			path = "Preview Content";
			sourceTree = "<group>";
		};
		425490032BE0321C00708F15 /* Marvel_KCTests */ = {
			isa = PBXGroup;
			children = (
				42A7A4C72C25F714005B2BCE /* Presentations */,
				42A7A4BE2C25F5EC005B2BCE /* Domain */,
				42A7A4B72C25F53F005B2BCE /* Data */,
				425490042BE0321C00708F15 /* Marvel_KCTests.swift */,
			);
			path = Marvel_KCTests;
			sourceTree = "<group>";
		};
		4254901D2BE0325D00708F15 /* Resources */ = {
			isa = PBXGroup;
			children = (
				42548FF62BE0321C00708F15 /* Assets.xcassets */,
				4247714F2BE1620B00E19380 /* Launch Screen.storyboard */,
				421D0BC12C10E10700A95C94 /* Localizable.strings */,
			);
			path = Resources;
			sourceTree = "<group>";
		};
		4254901E2BE0326800708F15 /* Data */ = {
			isa = PBXGroup;
			children = (
				425490212BE0327E00708F15 /* Repositories */,
			);
			path = Data;
			sourceTree = "<group>";
		};
		425490212BE0327E00708F15 /* Repositories */ = {
			isa = PBXGroup;
			children = (
				421FC1EE2BEDF4B400A3BC7C /* HerosRepository.swift */,
				4209AD5D2C161592004266F9 /* SeriesRepository.swift */,
			);
			path = Repositories;
			sourceTree = "<group>";
		};
		425490222BE0328800708F15 /* Domain */ = {
			isa = PBXGroup;
			children = (
				425490272BE032BF00708F15 /* Entities */,
				425490252BE032AC00708F15 /* UseCases */,
				425490232BE0329900708F15 /* Protocols */,
			);
			path = Domain;
			sourceTree = "<group>";
		};
		425490232BE0329900708F15 /* Protocols */ = {
			isa = PBXGroup;
			children = (
				421FC1F02BEDF5A600A3BC7C /* HerosRepositoryProtocol.swift */,
				4209AD5F2C16165C004266F9 /* SeriesRepositoryProtocol.swift */,
			);
			path = Protocols;
			sourceTree = "<group>";
		};
		425490252BE032AC00708F15 /* UseCases */ = {
			isa = PBXGroup;
			children = (
				421FC1F22BEDF6A800A3BC7C /* HerosUseCase.swift */,
				4209AD642C16BA56004266F9 /* SeriesUseCase.swift */,
			);
			path = UseCases;
			sourceTree = "<group>";
		};
		425490272BE032BF00708F15 /* Entities */ = {
			isa = PBXGroup;
			children = (
				42702E342C0C5A4400132539 /* Status.swift */,
			);
			path = Entities;
			sourceTree = "<group>";
		};
		425490282BE032C800708F15 /* Presentations */ = {
			isa = PBXGroup;
			children = (
				4254902A2BE032D700708F15 /* Views */,
			);
			path = Presentations;
			sourceTree = "<group>";
		};
		4254902A2BE032D700708F15 /* Views */ = {
			isa = PBXGroup;
			children = (
				42702E312C0C53E500132539 /* Root */,
				42702E2F2C0C539700132539 /* Heros */,
				42702E302C0C53AE00132539 /* Detail */,
				42702E2C2C0C46B100132539 /* Tools */,
			);
			path = Views;
			sourceTree = "<group>";
		};
		42702E2C2C0C46B100132539 /* Tools */ = {
			isa = PBXGroup;
			children = (
				4248856C2BE58BA00099FA9E /* ErrorView.swift */,
				42702E2A2C0C439700132539 /* LoadingView.swift */,
				421164732C10DAAC00A87660 /* SubViews.swift */,
			);
			path = Tools;
			sourceTree = "<group>";
		};
		42702E2F2C0C539700132539 /* Heros */ = {
			isa = PBXGroup;
			children = (
				421D0BC82C10F9AE00A95C94 /* HerosRow */,
				4254902B2BE0338F00708F15 /* HerosListView.swift */,
				42702E362C0C5B7300132539 /* HerosViewModel.swift */,
			);
			path = Heros;
			sourceTree = "<group>";
		};
		42702E302C0C53AE00132539 /* Detail */ = {
			isa = PBXGroup;
			children = (
				42A03FD32C195E9D000DA656 /* SeriesRow */,
				4248856E2BE58BB50099FA9E /* DetailView.swift */,
				4209AD5B2C160795004266F9 /* DetailViewModel.swift */,
			);
			path = Detail;
			sourceTree = "<group>";
		};
		42702E312C0C53E500132539 /* Root */ = {
			isa = PBXGroup;
			children = (
				421FC1F42BEE192B00A3BC7C /* RootView.swift */,
			);
			path = Root;
			sourceTree = "<group>";
		};
		429DB1DD2C0F32AD00364B7E /* Frameworks */ = {
			isa = PBXGroup;
			children = (
			);
			name = Frameworks;
			sourceTree = "<group>";
		};
		42A03FD32C195E9D000DA656 /* SeriesRow */ = {
			isa = PBXGroup;
			children = (
				42A03FD42C195EB7000DA656 /* SeriesRowView.swift */,
			);
			path = SeriesRow;
			sourceTree = "<group>";
		};
		42A7A4B72C25F53F005B2BCE /* Data */ = {
			isa = PBXGroup;
			children = (
				42A7A4B82C25F545005B2BCE /* Repositories */,
			);
			path = Data;
			sourceTree = "<group>";
		};
		42A7A4B82C25F545005B2BCE /* Repositories */ = {
			isa = PBXGroup;
			children = (
				42A7A4BA2C25F57A005B2BCE /* SeriesRepositoryTest.swift */,
				42A7A4BC2C25F5B9005B2BCE /* HerosRepositoryTest.swift */,
			);
			path = Repositories;
			sourceTree = "<group>";
		};
		42A7A4BE2C25F5EC005B2BCE /* Domain */ = {
			isa = PBXGroup;
			children = (
				42A7A4C02C25F5FC005B2BCE /* Entities */,
				42A7A4BF2C25F5F4005B2BCE /* UseCases */,
			);
			path = Domain;
			sourceTree = "<group>";
		};
		42A7A4BF2C25F5F4005B2BCE /* UseCases */ = {
			isa = PBXGroup;
			children = (
				42A7A4C12C25F613005B2BCE /* SeriesUseCaseTest.swift */,
				42A7A4C32C25F648005B2BCE /* HerosUseCaseTest.swift */,
			);
			path = UseCases;
			sourceTree = "<group>";
		};
		42A7A4C02C25F5FC005B2BCE /* Entities */ = {
			isa = PBXGroup;
			children = (
				42A7A4C52C25F674005B2BCE /* StatusTest.swift */,
			);
			path = Entities;
			sourceTree = "<group>";
		};
		42A7A4C72C25F714005B2BCE /* Presentations */ = {
			isa = PBXGroup;
			children = (
				42A7A4C82C25F71A005B2BCE /* Views */,
			);
			path = Presentations;
			sourceTree = "<group>";
		};
		42A7A4C82C25F71A005B2BCE /* Views */ = {
			isa = PBXGroup;
			children = (
				42A7A4CC2C25F731005B2BCE /* Root */,
				42A7A4CA2C25F728005B2BCE /* Heros */,
				42A7A4CB2C25F72C005B2BCE /* Detail */,
				42A7A4C92C25F724005B2BCE /* Tools */,
			);
			path = Views;
			sourceTree = "<group>";
		};
		42A7A4C92C25F724005B2BCE /* Tools */ = {
			isa = PBXGroup;
			children = (
				42A7A4D12C25F7AB005B2BCE /* TestErrorView.swift */,
				42A7A4CF2C25F78A005B2BCE /* TestLoadingView.swift */,
				42A7A4CD2C25F77F005B2BCE /* TestSubViews.swift */,
			);
			path = Tools;
			sourceTree = "<group>";
		};
		42A7A4CA2C25F728005B2BCE /* Heros */ = {
			isa = PBXGroup;
			children = (
				42A7A4D32C25F7BF005B2BCE /* HerosRow */,
				42A7A4D62C25F7ED005B2BCE /* TestHerosListView.swift */,
				42A7A4D82C25F7FE005B2BCE /* TestHerosViewModel.swift */,
			);
			path = Heros;
			sourceTree = "<group>";
		};
		42A7A4CB2C25F72C005B2BCE /* Detail */ = {
			isa = PBXGroup;
			children = (
				42A7A4DA2C25F813005B2BCE /* SeriesRow */,
				42A7A4DF2C25F851005B2BCE /* TestDetailView.swift */,
				42A7A4DD2C25F840005B2BCE /* TestDetailViewModel.swift */,
			);
			path = Detail;
			sourceTree = "<group>";
		};
		42A7A4CC2C25F731005B2BCE /* Root */ = {
			isa = PBXGroup;
			children = (
				42A7A4E12C25F87A005B2BCE /* TestRootView.swift */,
			);
			path = Root;
			sourceTree = "<group>";
		};
		42A7A4D32C25F7BF005B2BCE /* HerosRow */ = {
			isa = PBXGroup;
			children = (
				42A7A4D42C25F7DF005B2BCE /* TestHerosRowView.swift */,
			);
			path = HerosRow;
			sourceTree = "<group>";
		};
		42A7A4DA2C25F813005B2BCE /* SeriesRow */ = {
			isa = PBXGroup;
			children = (
				42A7A4DB2C25F82E005B2BCE /* TestSeriesRowView.swift */,
			);
			path = SeriesRow;
			sourceTree = "<group>";
		};
		42A7A5242C280DD1005B2BCE /* watchOS Watch App */ = {
			isa = PBXGroup;
			children = (
				42A7A5482C281780005B2BCE /* watchOS-Watch-App-Info.plist */,
				42A7A5252C280DD1005B2BCE /* watchOSApp.swift */,
				42A7A5292C280DD4005B2BCE /* Assets.xcassets */,
				42A7A52B2C280DD4005B2BCE /* Preview Content */,
			);
			path = "watchOS Watch App";
			sourceTree = "<group>";
		};
		42A7A52B2C280DD4005B2BCE /* Preview Content */ = {
			isa = PBXGroup;
			children = (
				42A7A52C2C280DD4005B2BCE /* Preview Assets.xcassets */,
			);
			path = "Preview Content";
			sourceTree = "<group>";
		};
/* End PBXGroup section */

/* Begin PBXNativeTarget section */
		42548FEE2BE0321900708F15 /* Marvel_KC */ = {
			isa = PBXNativeTarget;
			buildConfigurationList = 425490142BE0321C00708F15 /* Build configuration list for PBXNativeTarget "Marvel_KC" */;
			buildPhases = (
				42548FEB2BE0321900708F15 /* Sources */,
				42548FEC2BE0321900708F15 /* Frameworks */,
				42548FED2BE0321900708F15 /* Resources */,
				42A7A5152C280D88005B2BCE /* Embed Watch Content */,
			);
			buildRules = (
			);
			dependencies = (
				42A7A52F2C280DD4005B2BCE /* PBXTargetDependency */,
			);
			name = Marvel_KC;
			packageProductDependencies = (
				42A7A3F82C25E791005B2BCE /* MarvelAppLibrary */,
			);
			productName = Marvel_KC;
			productReference = 42548FEF2BE0321900708F15 /* Marvel_KC.app */;
			productType = "com.apple.product-type.application";
		};
		42548FFF2BE0321C00708F15 /* Marvel_KCTests */ = {
			isa = PBXNativeTarget;
			buildConfigurationList = 425490172BE0321C00708F15 /* Build configuration list for PBXNativeTarget "Marvel_KCTests" */;
			buildPhases = (
				42548FFC2BE0321C00708F15 /* Sources */,
				42548FFD2BE0321C00708F15 /* Frameworks */,
				42548FFE2BE0321C00708F15 /* Resources */,
			);
			buildRules = (
			);
			dependencies = (
				425490022BE0321C00708F15 /* PBXTargetDependency */,
			);
			name = Marvel_KCTests;
			packageProductDependencies = (
				42A7A4EB2C2699D4005B2BCE /* ViewInspector */,
			);
			productName = Marvel_KCTests;
			productReference = 425490002BE0321C00708F15 /* Marvel_KCTests.xctest */;
			productType = "com.apple.product-type.bundle.unit-test";
		};
		42A7A5222C280DD1005B2BCE /* watchOS Watch App */ = {
			isa = PBXNativeTarget;
			buildConfigurationList = 42A7A5312C280DD4005B2BCE /* Build configuration list for PBXNativeTarget "watchOS Watch App" */;
			buildPhases = (
				42A7A51F2C280DD1005B2BCE /* Sources */,
				42A7A5202C280DD1005B2BCE /* Frameworks */,
				42A7A5212C280DD1005B2BCE /* Resources */,
			);
			buildRules = (
			);
			dependencies = (
			);
			name = "watchOS Watch App";
			packageProductDependencies = (
				42A7A5462C280F53005B2BCE /* MarvelAppLibrary */,
			);
			productName = "watchOS Watch App";
			productReference = 42A7A5232C280DD1005B2BCE /* watchOS Watch App.app */;
			productType = "com.apple.product-type.application";
		};
/* End PBXNativeTarget section */

/* Begin PBXProject section */
		42548FE72BE0321900708F15 /* Project object */ = {
			isa = PBXProject;
			attributes = {
				BuildIndependentTargetsInParallel = 1;
				LastSwiftUpdateCheck = 1540;
				LastUpgradeCheck = 1540;
				TargetAttributes = {
					42548FEE2BE0321900708F15 = {
						CreatedOnToolsVersion = 15.3;
					};
					42548FFF2BE0321C00708F15 = {
						CreatedOnToolsVersion = 15.3;
						TestTargetID = 42548FEE2BE0321900708F15;
					};
					42A7A5222C280DD1005B2BCE = {
						CreatedOnToolsVersion = 15.4;
					};
				};
			};
			buildConfigurationList = 42548FEA2BE0321900708F15 /* Build configuration list for PBXProject "Marvel_KC" */;
			compatibilityVersion = "Xcode 14.0";
			developmentRegion = en;
			hasScannedForEncodings = 0;
			knownRegions = (
				en,
				Base,
				es,
			);
			mainGroup = 42548FE62BE0321900708F15;
			packageReferences = (
				42A7A3F72C25E781005B2BCE /* XCRemoteSwiftPackageReference "MarvelAppLibrary" */,
				42A7A4EA2C2699D4005B2BCE /* XCRemoteSwiftPackageReference "ViewInspector" */,
			);
			productRefGroup = 42548FF02BE0321900708F15 /* Products */;
			projectDirPath = "";
			projectRoot = "";
			targets = (
				42548FEE2BE0321900708F15 /* Marvel_KC */,
				42548FFF2BE0321C00708F15 /* Marvel_KCTests */,
				42A7A5222C280DD1005B2BCE /* watchOS Watch App */,
			);
		};
/* End PBXProject section */

/* Begin PBXResourcesBuildPhase section */
		42548FED2BE0321900708F15 /* Resources */ = {
			isa = PBXResourcesBuildPhase;
			buildActionMask = 2147483647;
			files = (
				424771502BE1620B00E19380 /* Launch Screen.storyboard in Resources */,
				421D0BC32C10E10700A95C94 /* Localizable.strings in Resources */,
				42548FFB2BE0321C00708F15 /* Preview Assets.xcassets in Resources */,
				42548FF72BE0321C00708F15 /* Assets.xcassets in Resources */,
			);
			runOnlyForDeploymentPostprocessing = 0;
		};
		42548FFE2BE0321C00708F15 /* Resources */ = {
			isa = PBXResourcesBuildPhase;
			buildActionMask = 2147483647;
			files = (
			);
			runOnlyForDeploymentPostprocessing = 0;
		};
		42A7A5212C280DD1005B2BCE /* Resources */ = {
			isa = PBXResourcesBuildPhase;
			buildActionMask = 2147483647;
			files = (
				42A7A52D2C280DD4005B2BCE /* Preview Assets.xcassets in Resources */,
				42A7A52A2C280DD4005B2BCE /* Assets.xcassets in Resources */,
			);
			runOnlyForDeploymentPostprocessing = 0;
		};
/* End PBXResourcesBuildPhase section */

/* Begin PBXSourcesBuildPhase section */
		42548FEB2BE0321900708F15 /* Sources */ = {
			isa = PBXSourcesBuildPhase;
			buildActionMask = 2147483647;
			files = (
				42702E372C0C5B7300132539 /* HerosViewModel.swift in Sources */,
				421FC1F32BEDF6A800A3BC7C /* HerosUseCase.swift in Sources */,
				42548FF32BE0321900708F15 /* Marvel_KCApp.swift in Sources */,
				421FC1F52BEE192B00A3BC7C /* RootView.swift in Sources */,
				421FC1F12BEDF5A600A3BC7C /* HerosRepositoryProtocol.swift in Sources */,
				421FC1EF2BEDF4B400A3BC7C /* HerosRepository.swift in Sources */,
				4209AD602C16165C004266F9 /* SeriesRepositoryProtocol.swift in Sources */,
				4209AD5E2C161592004266F9 /* SeriesRepository.swift in Sources */,
				42A03FD52C195EB7000DA656 /* SeriesRowView.swift in Sources */,
				42702E352C0C5A4400132539 /* Status.swift in Sources */,
				421164742C10DAAC00A87660 /* SubViews.swift in Sources */,
				421D0BCA2C10F9D600A95C94 /* HerosRowView.swift in Sources */,
				4209AD5C2C160795004266F9 /* DetailViewModel.swift in Sources */,
				42702E2B2C0C439700132539 /* LoadingView.swift in Sources */,
				4248856D2BE58BA00099FA9E /* ErrorView.swift in Sources */,
				4254902C2BE0338F00708F15 /* HerosListView.swift in Sources */,
				4248856F2BE58BB50099FA9E /* DetailView.swift in Sources */,
				4209AD652C16BA56004266F9 /* SeriesUseCase.swift in Sources */,
			);
			runOnlyForDeploymentPostprocessing = 0;
		};
		42548FFC2BE0321C00708F15 /* Sources */ = {
			isa = PBXSourcesBuildPhase;
			buildActionMask = 2147483647;
			files = (
				42A7A4D92C25F7FE005B2BCE /* TestHerosViewModel.swift in Sources */,
				42A7A4E02C25F851005B2BCE /* TestDetailView.swift in Sources */,
				42A7A4BD2C25F5B9005B2BCE /* HerosRepositoryTest.swift in Sources */,
				42A7A4D52C25F7DF005B2BCE /* TestHerosRowView.swift in Sources */,
				42A7A4DE2C25F840005B2BCE /* TestDetailViewModel.swift in Sources */,
				42A7A4D02C25F78A005B2BCE /* TestLoadingView.swift in Sources */,
				42A7A4BB2C25F57A005B2BCE /* SeriesRepositoryTest.swift in Sources */,
				42A7A4C42C25F648005B2BCE /* HerosUseCaseTest.swift in Sources */,
				42A7A4DC2C25F82E005B2BCE /* TestSeriesRowView.swift in Sources */,
				42A7A4C22C25F613005B2BCE /* SeriesUseCaseTest.swift in Sources */,
				425490052BE0321C00708F15 /* Marvel_KCTests.swift in Sources */,
				42A7A4D22C25F7AC005B2BCE /* TestErrorView.swift in Sources */,
				42A7A4E22C25F87A005B2BCE /* TestRootView.swift in Sources */,
				42A7A4D72C25F7ED005B2BCE /* TestHerosListView.swift in Sources */,
				42A7A4C62C25F674005B2BCE /* StatusTest.swift in Sources */,
				42A7A4CE2C25F77F005B2BCE /* TestSubViews.swift in Sources */,
			);
			runOnlyForDeploymentPostprocessing = 0;
		};
		42A7A51F2C280DD1005B2BCE /* Sources */ = {
			isa = PBXSourcesBuildPhase;
			buildActionMask = 2147483647;
			files = (
				42A7A5442C280EA5005B2BCE /* SeriesRepository.swift in Sources */,
				42A7A5452C280EB3005B2BCE /* Marvel_KCApp.swift in Sources */,
				42A7A5432C280EA3005B2BCE /* HerosRepository.swift in Sources */,
				42A7A5372C280E7C005B2BCE /* HerosViewModel.swift in Sources */,
				42A7A53D2C280E8D005B2BCE /* SubViews.swift in Sources */,
				42A7A5402C280E97005B2BCE /* SeriesUseCase.swift in Sources */,
				42A7A5342C280E71005B2BCE /* RootView.swift in Sources */,
				42A7A5382C280E80005B2BCE /* SeriesRowView.swift in Sources */,
				42A7A53C2C280E8A005B2BCE /* LoadingView.swift in Sources */,
				42A7A5422C280E9C005B2BCE /* SeriesRepositoryProtocol.swift in Sources */,
				42A7A5392C280E83005B2BCE /* DetailView.swift in Sources */,
				42A7A5352C280E77005B2BCE /* HerosRowView.swift in Sources */,
				42A7A5362C280E7A005B2BCE /* HerosListView.swift in Sources */,
				42A7A5262C280DD1005B2BCE /* watchOSApp.swift in Sources */,
				42A7A53B2C280E88005B2BCE /* ErrorView.swift in Sources */,
				42A7A53F2C280E95005B2BCE /* HerosUseCase.swift in Sources */,
				42A7A53A2C280E85005B2BCE /* DetailViewModel.swift in Sources */,
				42A7A5412C280E9A005B2BCE /* HerosRepositoryProtocol.swift in Sources */,
				42A7A53E2C280E93005B2BCE /* Status.swift in Sources */,
			);
			runOnlyForDeploymentPostprocessing = 0;
		};
/* End PBXSourcesBuildPhase section */

/* Begin PBXTargetDependency section */
		425490022BE0321C00708F15 /* PBXTargetDependency */ = {
			isa = PBXTargetDependency;
			target = 42548FEE2BE0321900708F15 /* Marvel_KC */;
			targetProxy = 425490012BE0321C00708F15 /* PBXContainerItemProxy */;
		};
		42A7A52F2C280DD4005B2BCE /* PBXTargetDependency */ = {
			isa = PBXTargetDependency;
			target = 42A7A5222C280DD1005B2BCE /* watchOS Watch App */;
			targetProxy = 42A7A52E2C280DD4005B2BCE /* PBXContainerItemProxy */;
		};
/* End PBXTargetDependency section */

/* Begin PBXVariantGroup section */
		421D0BC12C10E10700A95C94 /* Localizable.strings */ = {
			isa = PBXVariantGroup;
			children = (
				421D0BC22C10E10700A95C94 /* en */,
				421D0BC42C10E12600A95C94 /* es */,
			);
			name = Localizable.strings;
			sourceTree = "<group>";
		};
/* End PBXVariantGroup section */

/* Begin XCBuildConfiguration section */
		425490122BE0321C00708F15 /* Debug */ = {
			isa = XCBuildConfiguration;
			buildSettings = {
				ALWAYS_SEARCH_USER_PATHS = NO;
				ASSETCATALOG_COMPILER_GENERATE_SWIFT_ASSET_SYMBOL_EXTENSIONS = YES;
				CLANG_ANALYZER_LOCALIZABILITY_NONLOCALIZED = YES;
				CLANG_ANALYZER_NONNULL = YES;
				CLANG_ANALYZER_NUMBER_OBJECT_CONVERSION = YES_AGGRESSIVE;
				CLANG_CXX_LANGUAGE_STANDARD = "gnu++20";
				CLANG_ENABLE_MODULES = YES;
				CLANG_ENABLE_OBJC_ARC = YES;
				CLANG_ENABLE_OBJC_WEAK = YES;
				CLANG_WARN_BLOCK_CAPTURE_AUTORELEASING = YES;
				CLANG_WARN_BOOL_CONVERSION = YES;
				CLANG_WARN_COMMA = YES;
				CLANG_WARN_CONSTANT_CONVERSION = YES;
				CLANG_WARN_DEPRECATED_OBJC_IMPLEMENTATIONS = YES;
				CLANG_WARN_DIRECT_OBJC_ISA_USAGE = YES_ERROR;
				CLANG_WARN_DOCUMENTATION_COMMENTS = YES;
				CLANG_WARN_EMPTY_BODY = YES;
				CLANG_WARN_ENUM_CONVERSION = YES;
				CLANG_WARN_INFINITE_RECURSION = YES;
				CLANG_WARN_INT_CONVERSION = YES;
				CLANG_WARN_NON_LITERAL_NULL_CONVERSION = YES;
				CLANG_WARN_OBJC_IMPLICIT_RETAIN_SELF = YES;
				CLANG_WARN_OBJC_LITERAL_CONVERSION = YES;
				CLANG_WARN_OBJC_ROOT_CLASS = YES_ERROR;
				CLANG_WARN_QUOTED_INCLUDE_IN_FRAMEWORK_HEADER = YES;
				CLANG_WARN_RANGE_LOOP_ANALYSIS = YES;
				CLANG_WARN_STRICT_PROTOTYPES = YES;
				CLANG_WARN_SUSPICIOUS_MOVE = YES;
				CLANG_WARN_UNGUARDED_AVAILABILITY = YES_AGGRESSIVE;
				CLANG_WARN_UNREACHABLE_CODE = YES;
				CLANG_WARN__DUPLICATE_METHOD_MATCH = YES;
				COPY_PHASE_STRIP = NO;
				DEAD_CODE_STRIPPING = YES;
				DEBUG_INFORMATION_FORMAT = dwarf;
				ENABLE_STRICT_OBJC_MSGSEND = YES;
				ENABLE_TESTABILITY = YES;
				ENABLE_USER_SCRIPT_SANDBOXING = YES;
				GCC_C_LANGUAGE_STANDARD = gnu17;
				GCC_DYNAMIC_NO_PIC = NO;
				GCC_NO_COMMON_BLOCKS = YES;
				GCC_OPTIMIZATION_LEVEL = 0;
				GCC_PREPROCESSOR_DEFINITIONS = (
					"DEBUG=1",
					"$(inherited)",
				);
				GCC_WARN_64_TO_32_BIT_CONVERSION = YES;
				GCC_WARN_ABOUT_RETURN_TYPE = YES_ERROR;
				GCC_WARN_UNDECLARED_SELECTOR = YES;
				GCC_WARN_UNINITIALIZED_AUTOS = YES_AGGRESSIVE;
				GCC_WARN_UNUSED_FUNCTION = YES;
				GCC_WARN_UNUSED_VARIABLE = YES;
				LOCALIZATION_PREFERS_STRING_CATALOGS = YES;
				MTL_ENABLE_DEBUG_INFO = INCLUDE_SOURCE;
				MTL_FAST_MATH = YES;
				ONLY_ACTIVE_ARCH = YES;
				SWIFT_ACTIVE_COMPILATION_CONDITIONS = "DEBUG $(inherited)";
				SWIFT_OPTIMIZATION_LEVEL = "-Onone";
			};
			name = Debug;
		};
		425490132BE0321C00708F15 /* Release */ = {
			isa = XCBuildConfiguration;
			buildSettings = {
				ALWAYS_SEARCH_USER_PATHS = NO;
				ASSETCATALOG_COMPILER_GENERATE_SWIFT_ASSET_SYMBOL_EXTENSIONS = YES;
				CLANG_ANALYZER_LOCALIZABILITY_NONLOCALIZED = YES;
				CLANG_ANALYZER_NONNULL = YES;
				CLANG_ANALYZER_NUMBER_OBJECT_CONVERSION = YES_AGGRESSIVE;
				CLANG_CXX_LANGUAGE_STANDARD = "gnu++20";
				CLANG_ENABLE_MODULES = YES;
				CLANG_ENABLE_OBJC_ARC = YES;
				CLANG_ENABLE_OBJC_WEAK = YES;
				CLANG_WARN_BLOCK_CAPTURE_AUTORELEASING = YES;
				CLANG_WARN_BOOL_CONVERSION = YES;
				CLANG_WARN_COMMA = YES;
				CLANG_WARN_CONSTANT_CONVERSION = YES;
				CLANG_WARN_DEPRECATED_OBJC_IMPLEMENTATIONS = YES;
				CLANG_WARN_DIRECT_OBJC_ISA_USAGE = YES_ERROR;
				CLANG_WARN_DOCUMENTATION_COMMENTS = YES;
				CLANG_WARN_EMPTY_BODY = YES;
				CLANG_WARN_ENUM_CONVERSION = YES;
				CLANG_WARN_INFINITE_RECURSION = YES;
				CLANG_WARN_INT_CONVERSION = YES;
				CLANG_WARN_NON_LITERAL_NULL_CONVERSION = YES;
				CLANG_WARN_OBJC_IMPLICIT_RETAIN_SELF = YES;
				CLANG_WARN_OBJC_LITERAL_CONVERSION = YES;
				CLANG_WARN_OBJC_ROOT_CLASS = YES_ERROR;
				CLANG_WARN_QUOTED_INCLUDE_IN_FRAMEWORK_HEADER = YES;
				CLANG_WARN_RANGE_LOOP_ANALYSIS = YES;
				CLANG_WARN_STRICT_PROTOTYPES = YES;
				CLANG_WARN_SUSPICIOUS_MOVE = YES;
				CLANG_WARN_UNGUARDED_AVAILABILITY = YES_AGGRESSIVE;
				CLANG_WARN_UNREACHABLE_CODE = YES;
				CLANG_WARN__DUPLICATE_METHOD_MATCH = YES;
				COPY_PHASE_STRIP = NO;
				DEAD_CODE_STRIPPING = YES;
				DEBUG_INFORMATION_FORMAT = "dwarf-with-dsym";
				ENABLE_NS_ASSERTIONS = NO;
				ENABLE_STRICT_OBJC_MSGSEND = YES;
				ENABLE_USER_SCRIPT_SANDBOXING = YES;
				GCC_C_LANGUAGE_STANDARD = gnu17;
				GCC_NO_COMMON_BLOCKS = YES;
				GCC_WARN_64_TO_32_BIT_CONVERSION = YES;
				GCC_WARN_ABOUT_RETURN_TYPE = YES_ERROR;
				GCC_WARN_UNDECLARED_SELECTOR = YES;
				GCC_WARN_UNINITIALIZED_AUTOS = YES_AGGRESSIVE;
				GCC_WARN_UNUSED_FUNCTION = YES;
				GCC_WARN_UNUSED_VARIABLE = YES;
				LOCALIZATION_PREFERS_STRING_CATALOGS = YES;
				MTL_ENABLE_DEBUG_INFO = NO;
				MTL_FAST_MATH = YES;
				SWIFT_COMPILATION_MODE = wholemodule;
			};
			name = Release;
		};
		425490152BE0321C00708F15 /* Debug */ = {
			isa = XCBuildConfiguration;
			buildSettings = {
				ALWAYS_EMBED_SWIFT_STANDARD_LIBRARIES = YES;
				ASSETCATALOG_COMPILER_APPICON_NAME = AppIcon;
				ASSETCATALOG_COMPILER_GLOBAL_ACCENT_COLOR_NAME = AccentColor;
				CODE_SIGN_ENTITLEMENTS = Marvel_KC/Marvel_KC.entitlements;
				CODE_SIGN_STYLE = Automatic;
				CURRENT_PROJECT_VERSION = 1;
				DEAD_CODE_STRIPPING = YES;
				DEVELOPMENT_ASSET_PATHS = "\"Marvel_KC/Preview Content\"";
				DEVELOPMENT_TEAM = L6V6H2LAL2;
				ENABLE_HARDENED_RUNTIME = YES;
				ENABLE_PREVIEWS = YES;
				GENERATE_INFOPLIST_FILE = YES;
				INFOPLIST_FILE = "Marvel-KC-Info.plist";
				"INFOPLIST_KEY_UIApplicationSceneManifest_Generation[sdk=iphoneos*]" = YES;
				"INFOPLIST_KEY_UIApplicationSceneManifest_Generation[sdk=iphonesimulator*]" = YES;
				"INFOPLIST_KEY_UIApplicationSupportsIndirectInputEvents[sdk=iphoneos*]" = YES;
				"INFOPLIST_KEY_UIApplicationSupportsIndirectInputEvents[sdk=iphonesimulator*]" = YES;
				"INFOPLIST_KEY_UILaunchScreen_Generation[sdk=iphoneos*]" = YES;
				"INFOPLIST_KEY_UILaunchScreen_Generation[sdk=iphonesimulator*]" = YES;
				INFOPLIST_KEY_UILaunchStoryboardName = "Launch Screen.storyboard";
				"INFOPLIST_KEY_UIStatusBarStyle[sdk=iphoneos*]" = UIStatusBarStyleDefault;
				"INFOPLIST_KEY_UIStatusBarStyle[sdk=iphonesimulator*]" = UIStatusBarStyleDefault;
				INFOPLIST_KEY_UISupportedInterfaceOrientations_iPad = "UIInterfaceOrientationPortrait UIInterfaceOrientationPortraitUpsideDown UIInterfaceOrientationLandscapeLeft UIInterfaceOrientationLandscapeRight";
				INFOPLIST_KEY_UISupportedInterfaceOrientations_iPhone = "UIInterfaceOrientationPortrait UIInterfaceOrientationLandscapeLeft UIInterfaceOrientationLandscapeRight";
				IPHONEOS_DEPLOYMENT_TARGET = 17.4;
				LD_RUNPATH_SEARCH_PATHS = "@executable_path/Frameworks";
				"LD_RUNPATH_SEARCH_PATHS[sdk=macosx*]" = "@executable_path/../Frameworks";
				MACOSX_DEPLOYMENT_TARGET = 14.3;
				MARKETING_VERSION = 1.0;
				PRODUCT_BUNDLE_IDENTIFIER = "J.B.C..Marvel-KC";
				PRODUCT_NAME = "$(TARGET_NAME)";
				SDKROOT = auto;
				SUPPORTED_PLATFORMS = "iphoneos iphonesimulator macosx";
				SWIFT_EMIT_LOC_STRINGS = YES;
				SWIFT_VERSION = 5.0;
				TARGETED_DEVICE_FAMILY = "1,2";
			};
			name = Debug;
		};
		425490162BE0321C00708F15 /* Release */ = {
			isa = XCBuildConfiguration;
			buildSettings = {
				ALWAYS_EMBED_SWIFT_STANDARD_LIBRARIES = YES;
				ASSETCATALOG_COMPILER_APPICON_NAME = AppIcon;
				ASSETCATALOG_COMPILER_GLOBAL_ACCENT_COLOR_NAME = AccentColor;
				CODE_SIGN_ENTITLEMENTS = Marvel_KC/Marvel_KC.entitlements;
				CODE_SIGN_STYLE = Automatic;
				CURRENT_PROJECT_VERSION = 1;
				DEAD_CODE_STRIPPING = YES;
				DEVELOPMENT_ASSET_PATHS = "\"Marvel_KC/Preview Content\"";
				DEVELOPMENT_TEAM = L6V6H2LAL2;
				ENABLE_HARDENED_RUNTIME = YES;
				ENABLE_PREVIEWS = YES;
				GENERATE_INFOPLIST_FILE = YES;
				INFOPLIST_FILE = "Marvel-KC-Info.plist";
				"INFOPLIST_KEY_UIApplicationSceneManifest_Generation[sdk=iphoneos*]" = YES;
				"INFOPLIST_KEY_UIApplicationSceneManifest_Generation[sdk=iphonesimulator*]" = YES;
				"INFOPLIST_KEY_UIApplicationSupportsIndirectInputEvents[sdk=iphoneos*]" = YES;
				"INFOPLIST_KEY_UIApplicationSupportsIndirectInputEvents[sdk=iphonesimulator*]" = YES;
				"INFOPLIST_KEY_UILaunchScreen_Generation[sdk=iphoneos*]" = YES;
				"INFOPLIST_KEY_UILaunchScreen_Generation[sdk=iphonesimulator*]" = YES;
				INFOPLIST_KEY_UILaunchStoryboardName = "Launch Screen.storyboard";
				"INFOPLIST_KEY_UIStatusBarStyle[sdk=iphoneos*]" = UIStatusBarStyleDefault;
				"INFOPLIST_KEY_UIStatusBarStyle[sdk=iphonesimulator*]" = UIStatusBarStyleDefault;
				INFOPLIST_KEY_UISupportedInterfaceOrientations_iPad = "UIInterfaceOrientationPortrait UIInterfaceOrientationPortraitUpsideDown UIInterfaceOrientationLandscapeLeft UIInterfaceOrientationLandscapeRight";
				INFOPLIST_KEY_UISupportedInterfaceOrientations_iPhone = "UIInterfaceOrientationPortrait UIInterfaceOrientationLandscapeLeft UIInterfaceOrientationLandscapeRight";
				IPHONEOS_DEPLOYMENT_TARGET = 17.4;
				LD_RUNPATH_SEARCH_PATHS = "@executable_path/Frameworks";
				"LD_RUNPATH_SEARCH_PATHS[sdk=macosx*]" = "@executable_path/../Frameworks";
				MACOSX_DEPLOYMENT_TARGET = 14.3;
				MARKETING_VERSION = 1.0;
				PRODUCT_BUNDLE_IDENTIFIER = "J.B.C..Marvel-KC";
				PRODUCT_NAME = "$(TARGET_NAME)";
				SDKROOT = auto;
				SUPPORTED_PLATFORMS = "iphoneos iphonesimulator macosx";
				SWIFT_EMIT_LOC_STRINGS = YES;
				SWIFT_VERSION = 5.0;
				TARGETED_DEVICE_FAMILY = "1,2";
			};
			name = Release;
		};
		425490182BE0321C00708F15 /* Debug */ = {
			isa = XCBuildConfiguration;
			buildSettings = {
				ALWAYS_EMBED_SWIFT_STANDARD_LIBRARIES = YES;
				BUNDLE_LOADER = "$(TEST_HOST)";
				CODE_SIGN_STYLE = Automatic;
				CURRENT_PROJECT_VERSION = 1;
				DEAD_CODE_STRIPPING = YES;
				DEVELOPMENT_TEAM = L6V6H2LAL2;
				GENERATE_INFOPLIST_FILE = YES;
				IPHONEOS_DEPLOYMENT_TARGET = 17.4;
				MACOSX_DEPLOYMENT_TARGET = 14.3;
				MARKETING_VERSION = 1.0;
				PRODUCT_BUNDLE_IDENTIFIER = "J.B.C..Marvel-KCTests";
				PRODUCT_NAME = "$(TARGET_NAME)";
				SDKROOT = auto;
				SUPPORTED_PLATFORMS = "iphoneos iphonesimulator macosx";
				SWIFT_EMIT_LOC_STRINGS = NO;
				SWIFT_VERSION = 5.0;
				TARGETED_DEVICE_FAMILY = "1,2";
				TEST_HOST = "$(BUILT_PRODUCTS_DIR)/Marvel_KC.app/$(BUNDLE_EXECUTABLE_FOLDER_PATH)/Marvel_KC";
			};
			name = Debug;
		};
		425490192BE0321C00708F15 /* Release */ = {
			isa = XCBuildConfiguration;
			buildSettings = {
				ALWAYS_EMBED_SWIFT_STANDARD_LIBRARIES = YES;
				BUNDLE_LOADER = "$(TEST_HOST)";
				CODE_SIGN_STYLE = Automatic;
				CURRENT_PROJECT_VERSION = 1;
				DEAD_CODE_STRIPPING = YES;
				DEVELOPMENT_TEAM = L6V6H2LAL2;
				GENERATE_INFOPLIST_FILE = YES;
				IPHONEOS_DEPLOYMENT_TARGET = 17.4;
				MACOSX_DEPLOYMENT_TARGET = 14.3;
				MARKETING_VERSION = 1.0;
				PRODUCT_BUNDLE_IDENTIFIER = "J.B.C..Marvel-KCTests";
				PRODUCT_NAME = "$(TARGET_NAME)";
				SDKROOT = auto;
				SUPPORTED_PLATFORMS = "iphoneos iphonesimulator macosx";
				SWIFT_EMIT_LOC_STRINGS = NO;
				SWIFT_VERSION = 5.0;
				TARGETED_DEVICE_FAMILY = "1,2";
				TEST_HOST = "$(BUILT_PRODUCTS_DIR)/Marvel_KC.app/$(BUNDLE_EXECUTABLE_FOLDER_PATH)/Marvel_KC";
			};
			name = Release;
		};
		42A7A5322C280DD4005B2BCE /* Debug */ = {
			isa = XCBuildConfiguration;
			buildSettings = {
				ASSETCATALOG_COMPILER_APPICON_NAME = AppIcon;
				ASSETCATALOG_COMPILER_GLOBAL_ACCENT_COLOR_NAME = AccentColor;
				CODE_SIGN_STYLE = Automatic;
				CURRENT_PROJECT_VERSION = 1;
				DEVELOPMENT_ASSET_PATHS = "\"watchOS Watch App/Preview Content\"";
				DEVELOPMENT_TEAM = L6V6H2LAL2;
				ENABLE_PREVIEWS = YES;
				GENERATE_INFOPLIST_FILE = YES;
				INFOPLIST_FILE = "watchOS-Watch-App-Info.plist";
				INFOPLIST_KEY_CFBundleDisplayName = watchOS;
				INFOPLIST_KEY_UISupportedInterfaceOrientations = "UIInterfaceOrientationPortrait UIInterfaceOrientationPortraitUpsideDown";
				INFOPLIST_KEY_WKCompanionAppBundleIdentifier = "J.B.C..Marvel-KC";
				LD_RUNPATH_SEARCH_PATHS = (
					"$(inherited)",
					"@executable_path/Frameworks",
				);
				MARKETING_VERSION = 1.0;
				PRODUCT_BUNDLE_IDENTIFIER = "J.B.C..Marvel-KC.watchkitapp";
				PRODUCT_NAME = "$(TARGET_NAME)";
				SDKROOT = watchos;
				SKIP_INSTALL = YES;
				SWIFT_EMIT_LOC_STRINGS = YES;
				SWIFT_VERSION = 5.0;
				TARGETED_DEVICE_FAMILY = 4;
				WATCHOS_DEPLOYMENT_TARGET = 10.5;
			};
			name = Debug;
		};
		42A7A5332C280DD4005B2BCE /* Release */ = {
			isa = XCBuildConfiguration;
			buildSettings = {
				ASSETCATALOG_COMPILER_APPICON_NAME = AppIcon;
				ASSETCATALOG_COMPILER_GLOBAL_ACCENT_COLOR_NAME = AccentColor;
				CODE_SIGN_STYLE = Automatic;
				CURRENT_PROJECT_VERSION = 1;
				DEVELOPMENT_ASSET_PATHS = "\"watchOS Watch App/Preview Content\"";
				DEVELOPMENT_TEAM = L6V6H2LAL2;
				ENABLE_PREVIEWS = YES;
				GENERATE_INFOPLIST_FILE = YES;
				INFOPLIST_FILE = "watchOS-Watch-App-Info.plist";
				INFOPLIST_KEY_CFBundleDisplayName = watchOS;
				INFOPLIST_KEY_UISupportedInterfaceOrientations = "UIInterfaceOrientationPortrait UIInterfaceOrientationPortraitUpsideDown";
				INFOPLIST_KEY_WKCompanionAppBundleIdentifier = "J.B.C..Marvel-KC";
				LD_RUNPATH_SEARCH_PATHS = (
					"$(inherited)",
					"@executable_path/Frameworks",
				);
				MARKETING_VERSION = 1.0;
				PRODUCT_BUNDLE_IDENTIFIER = "J.B.C..Marvel-KC.watchkitapp";
				PRODUCT_NAME = "$(TARGET_NAME)";
				SDKROOT = watchos;
				SKIP_INSTALL = YES;
				SWIFT_EMIT_LOC_STRINGS = YES;
				SWIFT_VERSION = 5.0;
				TARGETED_DEVICE_FAMILY = 4;
				VALIDATE_PRODUCT = YES;
				WATCHOS_DEPLOYMENT_TARGET = 10.5;
			};
			name = Release;
		};
/* End XCBuildConfiguration section */

/* Begin XCConfigurationList section */
		42548FEA2BE0321900708F15 /* Build configuration list for PBXProject "Marvel_KC" */ = {
			isa = XCConfigurationList;
			buildConfigurations = (
				425490122BE0321C00708F15 /* Debug */,
				425490132BE0321C00708F15 /* Release */,
			);
			defaultConfigurationIsVisible = 0;
			defaultConfigurationName = Release;
		};
		425490142BE0321C00708F15 /* Build configuration list for PBXNativeTarget "Marvel_KC" */ = {
			isa = XCConfigurationList;
			buildConfigurations = (
				425490152BE0321C00708F15 /* Debug */,
				425490162BE0321C00708F15 /* Release */,
			);
			defaultConfigurationIsVisible = 0;
			defaultConfigurationName = Release;
		};
		425490172BE0321C00708F15 /* Build configuration list for PBXNativeTarget "Marvel_KCTests" */ = {
			isa = XCConfigurationList;
			buildConfigurations = (
				425490182BE0321C00708F15 /* Debug */,
				425490192BE0321C00708F15 /* Release */,
			);
			defaultConfigurationIsVisible = 0;
			defaultConfigurationName = Release;
		};
		42A7A5312C280DD4005B2BCE /* Build configuration list for PBXNativeTarget "watchOS Watch App" */ = {
			isa = XCConfigurationList;
			buildConfigurations = (
				42A7A5322C280DD4005B2BCE /* Debug */,
				42A7A5332C280DD4005B2BCE /* Release */,
			);
			defaultConfigurationIsVisible = 0;
			defaultConfigurationName = Release;
		};
/* End XCConfigurationList section */

/* Begin XCRemoteSwiftPackageReference section */
		42A7A3F72C25E781005B2BCE /* XCRemoteSwiftPackageReference "MarvelAppLibrary" */ = {
			isa = XCRemoteSwiftPackageReference;
			repositoryURL = "https://github.com/Boncroix/MarvelAppLibrary.git";
			requirement = {
				branch = main;
				kind = branch;
			};
		};
		42A7A4EA2C2699D4005B2BCE /* XCRemoteSwiftPackageReference "ViewInspector" */ = {
			isa = XCRemoteSwiftPackageReference;
			repositoryURL = "git@github.com:nalexn/ViewInspector.git";
			requirement = {
				kind = upToNextMajorVersion;
				minimumVersion = 0.9.11;
			};
		};
/* End XCRemoteSwiftPackageReference section */

/* Begin XCSwiftPackageProductDependency section */
		42A7A3F82C25E791005B2BCE /* MarvelAppLibrary */ = {
			isa = XCSwiftPackageProductDependency;
			package = 42A7A3F72C25E781005B2BCE /* XCRemoteSwiftPackageReference "MarvelAppLibrary" */;
			productName = MarvelAppLibrary;
		};
		42A7A4EB2C2699D4005B2BCE /* ViewInspector */ = {
			isa = XCSwiftPackageProductDependency;
			package = 42A7A4EA2C2699D4005B2BCE /* XCRemoteSwiftPackageReference "ViewInspector" */;
			productName = ViewInspector;
		};
		42A7A5462C280F53005B2BCE /* MarvelAppLibrary */ = {
			isa = XCSwiftPackageProductDependency;
			package = 42A7A3F72C25E781005B2BCE /* XCRemoteSwiftPackageReference "MarvelAppLibrary" */;
			productName = MarvelAppLibrary;
		};
/* End XCSwiftPackageProductDependency section */
	};
	rootObject = 42548FE72BE0321900708F15 /* Project object */;
}
